Microsoft Visual Studio Solution File, Format Version 11.00
# Visual Studio 2008

Project("{FF4EAB77-2BC5-AE15-F894-AC01B0B64A21}") = "Prototipos_Diana", "Assembly-CSharp-firstpass.csproj", "{03BFD9C3-BB09-CD08-3097-1AFF5BB384E4}"
EndProject
Project("{FF4EAB77-2BC5-AE15-F894-AC01B0B64A21}") = "Prototipos_Diana", "Assembly-CSharp.csproj", "{678D535C-78DC-DA48-46EC-7572C4C75049}"
EndProject
Project("{FF4EAB77-2BC5-AE15-F894-AC01B0B64A21}") = "Prototipos_Diana", "Assembly-CSharp-Editor.csproj", "{96DB96D5-F8E9-CD13-E02F-F766212A9694}"
EndProject
Project("{FF4EAB77-2BC5-AE15-F894-AC01B0B64A21}") = "Prototipos_Diana", "Assembly-UnityScript-firstpass.unityproj", "{2C57D016-E6AA-7A13-58C8-80C5DA0383FB}"
EndProject
Global
	GlobalSection(SolutionConfigurationPlatforms) = preSolution
		Debug|Any CPU = Debug|Any CPU
		Release|Any CPU = Release|Any CPU
	EndGlobalSection
	GlobalSection(ProjectConfigurationPlatforms) = postSolution
		{03BFD9C3-BB09-CD08-3097-1AFF5BB384E4}.Debug|Any CPU.ActiveCfg = Debug|Any CPU
		{03BFD9C3-BB09-CD08-3097-1AFF5BB384E4}.Debug|Any CPU.Build.0 = Debug|Any CPU
		{03BFD9C3-BB09-CD08-3097-1AFF5BB384E4}.Release|Any CPU.ActiveCfg = Release|Any CPU
		{03BFD9C3-BB09-CD08-3097-1AFF5BB384E4}.Release|Any CPU.Build.0 = Release|Any CPU
		{678D535C-78DC-DA48-46EC-7572C4C75049}.Debug|Any CPU.ActiveCfg = Debug|Any CPU
		{678D535C-78DC-DA48-46EC-7572C4C75049}.Debug|Any CPU.Build.0 = Debug|Any CPU
		{678D535C-78DC-DA48-46EC-7572C4C75049}.Release|Any CPU.ActiveCfg = Release|Any CPU
		{678D535C-78DC-DA48-46EC-7572C4C75049}.Release|Any CPU.Build.0 = Release|Any CPU
		{96DB96D5-F8E9-CD13-E02F-F766212A9694}.Debug|Any CPU.ActiveCfg = Debug|Any CPU
		{96DB96D5-F8E9-CD13-E02F-F766212A9694}.Debug|Any CPU.Build.0 = Debug|Any CPU
		{96DB96D5-F8E9-CD13-E02F-F766212A9694}.Release|Any CPU.ActiveCfg = Release|Any CPU
		{96DB96D5-F8E9-CD13-E02F-F766212A9694}.Release|Any CPU.Build.0 = Release|Any CPU
		{2C57D016-E6AA-7A13-58C8-80C5DA0383FB}.Debug|Any CPU.ActiveCfg = Debug|Any CPU
		{2C57D016-E6AA-7A13-58C8-80C5DA0383FB}.Debug|Any CPU.Build.0 = Debug|Any CPU
		{2C57D016-E6AA-7A13-58C8-80C5DA0383FB}.Release|Any CPU.ActiveCfg = Release|Any CPU
		{2C57D016-E6AA-7A13-58C8-80C5DA0383FB}.Release|Any CPU.Build.0 = Release|Any CPU
	EndGlobalSection
	GlobalSection(SolutionProperties) = preSolution
		HideSolutionNode = FALSE
	EndGlobalSection
																																																		GlobalSection(MonoDevelopProperties) = preSolution
		StartupItem = Assembly-CSharp.csproj
		Policies = $0
		$0.TextStylePolicy = $1
		$1.inheritsSet = null
		$1.scope = text/x-csharp
		$0.CSharpFormattingPolicy = $2
		$2.inheritsSet = Mono
		$2.inheritsScope = text/x-csharp
		$2.scope = text/x-csharp
		$0.TextStylePolicy = $3
		$3.FileWidth = 120
		$3.TabWidth = 4
		$3.EolMarker = Unix
		$3.inheritsSet = Mono
		$3.inheritsScope = text/plain
		$3.scope = text/plain
	EndGlobalSection

EndGlobal
